{
  "nodes": {
    "flake-utils": {
      "locked": {
        "lastModified": 1659877975,
        "narHash": "sha256-zllb8aq3YO3h8B/U0/J1WBgAL8EX5yWf5pMj3G0NAmc=",
        "owner": "numtide",
        "repo": "flake-utils",
        "rev": "c0e246b9b83f637f4681389ecabcb2681b4f3af0",
        "type": "github"
      },
      "original": {
        "id": "flake-utils",
        "type": "indirect"
      }
    },
    "nixpkgs": {
      "locked": {
        "lastModified": 1664370076,
        "narHash": "sha256-NDnIo0nxJozLwEw0VPM+RApMA90uTfbvaNNtC5eB7Os=",
        "path": "/nix/store/l8p5y977qw6pi1iwd2mnfcn1rnil8cjr-source",
        "rev": "854fdc68881791812eddd33b2fed94b954979a8e",
        "type": "path"
      },
      "original": {
        "id": "nixpkgs",
        "type": "indirect"
      }
    },
    "root": {
      "inputs": {
        "flake-utils": "flake-utils",
        "nixpkgs": "nixpkgs",
        "rust-overlay": "rust-overlay"
      }
    },
    "rust-overlay": {
      "inputs": {
        "flake-utils": [
          "flake-utils"
        ],
        "nixpkgs": [
          "nixpkgs"
        ]
      },
      "locked": {
        "lastModified": 1664593374,
        "narHash": "sha256-FIXW0voU/fZ4XSenAAcFmmng1YEgxHRqhQPpW5r9W94=",
        "owner": "oxalica",
        "repo": "rust-overlay",
        "rev": "f48045bb46f6eef8314b9fe01b7db9dcdbca1e10",
        "type": "github"
      },
      "original": {
        "owner": "oxalica",
        "repo": "rust-overlay",
        "type": "github"
      }
    }
  },
  "root": "root",
  "version": 7
}
