{
  "nodes": {
    "crane": {
      "inputs": {
        "nixpkgs": [
          "toolchain-manifest",
          "nixpkgs"
        ]
      },
      "locked": {
        "lastModified": 1719880336,
        "narHash": "sha256-VnUCaGI7FEh7tLVsD6OsychPmqjDYXqJEdFG4jK86zs=",
        "owner": "ipetkov",
        "repo": "crane",
        "rev": "047c929ad65d8378f18de95ca66769ca04161caf",
        "type": "github"
      },
      "original": {
        "owner": "ipetkov",
        "repo": "crane",
        "type": "github"
      }
    },
    "flake-utils": {
      "inputs": {
        "systems": "systems"
      },
      "locked": {
        "lastModified": 1710146030,
        "narHash": "sha256-SZ5L6eA7HJ/nmkzGG7/ISclqe6oZdOZTNoesiInkXPQ=",
        "owner": "numtide",
        "repo": "flake-utils",
        "rev": "b1d9ab70662946ef0850d488da1c9019f3a9752a",
        "type": "github"
      },
      "original": {
        "id": "flake-utils",
        "type": "indirect"
      }
    },
    "nixpkgs": {
      "locked": {
        "lastModified": 0,
        "narHash": "sha256-0xSej1g7eP2kaUF+JQp8jdyNmpmCJKRpO12mKl/36Kc=",
        "path": "/nix/store/g83ji892byw4wd81rmb14v69yrhq408s-source",
        "type": "path"
      },
      "original": {
        "id": "nixpkgs",
        "type": "indirect"
      }
    },
    "root": {
      "inputs": {
        "flake-utils": "flake-utils",
        "nixpkgs": "nixpkgs",
        "toolchain-manifest": "toolchain-manifest"
      }
    },
    "rust-overlay": {
      "inputs": {
        "nixpkgs": [
          "toolchain-manifest",
          "nixpkgs"
        ]
      },
      "locked": {
        "lastModified": 1719886738,
        "narHash": "sha256-6eaaoJUkr4g9J/rMC4jhj3Gv8Sa62rvlpjFe3xZaSjM=",
        "owner": "oxalica",
        "repo": "rust-overlay",
        "rev": "db12d0c6ef002f16998723b5dd619fa7b8997086",
        "type": "github"
      },
      "original": {
        "owner": "oxalica",
        "repo": "rust-overlay",
        "type": "github"
      }
    },
    "systems": {
      "locked": {
        "lastModified": 1681028828,
        "narHash": "sha256-Vy1rq5AaRuLzOxct8nz4T6wlgyUR7zLU309k9mBC768=",
        "owner": "nix-systems",
        "repo": "default",
        "rev": "da67096a3b9bf56a91d16901293e51ba5b49a27e",
        "type": "github"
      },
      "original": {
        "owner": "nix-systems",
        "repo": "default",
        "type": "github"
      }
    },
    "toolchain-manifest": {
      "inputs": {
        "crane": "crane",
        "flake-utils": [
          "flake-utils"
        ],
        "nixpkgs": [
          "nixpkgs"
        ],
        "rust-overlay": "rust-overlay"
      },
      "locked": {
        "lastModified": 1719932085,
        "narHash": "sha256-9GRwjWvfJVGNJxWLalx3S8t98lry75kGYK16qE5+UAI=",
        "owner": "a-kenji",
        "repo": "rust-toolchain-manifest",
        "rev": "56beaecdc9d1f05c486f376463fb36d0c241689a",
        "type": "github"
      },
      "original": {
        "owner": "a-kenji",
        "repo": "rust-toolchain-manifest",
        "type": "github"
      }
    }
  },
  "root": "root",
  "version": 7
}
