{
  "nodes": {
    "cargo-rdme": {
      "flake": false,
      "locked": {
        "lastModified": 1683408295,
        "narHash": "sha256-teCImoGywJGgvP62pXg6UizGdsrZ9/RhfE5rV5G+42Q=",
        "owner": "orium",
        "repo": "cargo-rdme",
        "rev": "eecdf2a43770d640b27f5c98bc522b6d74167c72",
        "type": "github"
      },
      "original": {
        "owner": "orium",
        "repo": "cargo-rdme",
        "type": "github"
      }
    },
    "flake-utils": {
      "inputs": {
        "systems": "systems"
      },
      "locked": {
        "lastModified": 1689068808,
        "narHash": "sha256-6ixXo3wt24N/melDWjq70UuHQLxGV8jZvooRanIHXw0=",
        "owner": "numtide",
        "repo": "flake-utils",
        "rev": "919d646de7be200f3bf08cb76ae1f09402b6f9b4",
        "type": "github"
      },
      "original": {
        "id": "flake-utils",
        "type": "indirect"
      }
    },
    "nixpkgs": {
      "locked": {
        "lastModified": 0,
        "narHash": "sha256-fxc/9f20wRyo/5ydkmZkX/Sh/ULa7RcT8h+cUv8p/44=",
        "path": "/nix/store/6w0n7ivwnbvfh32xw3cb0yrvdw3l4q89-source",
        "type": "path"
      },
      "original": {
        "id": "nixpkgs",
        "type": "indirect"
      }
    },
    "root": {
      "inputs": {
        "flake-utils": "flake-utils",
        "nixpkgs": "nixpkgs",
        "toolchain-manifest": "toolchain-manifest"
      }
    },
    "rust-overlay": {
      "inputs": {
        "flake-utils": [
          "toolchain-manifest",
          "flake-utils"
        ],
        "nixpkgs": [
          "toolchain-manifest",
          "nixpkgs"
        ]
      },
      "locked": {
        "lastModified": 1685673048,
        "narHash": "sha256-iGmamm2ykfUpekXf02SN/r4dPeU33rekwXpkQyB5L1I=",
        "owner": "oxalica",
        "repo": "rust-overlay",
        "rev": "19fdc1c7ae8aa90ba50f044496fda6c4b6616f91",
        "type": "github"
      },
      "original": {
        "owner": "oxalica",
        "repo": "rust-overlay",
        "type": "github"
      }
    },
    "systems": {
      "locked": {
        "lastModified": 1681028828,
        "narHash": "sha256-Vy1rq5AaRuLzOxct8nz4T6wlgyUR7zLU309k9mBC768=",
        "owner": "nix-systems",
        "repo": "default",
        "rev": "da67096a3b9bf56a91d16901293e51ba5b49a27e",
        "type": "github"
      },
      "original": {
        "owner": "nix-systems",
        "repo": "default",
        "type": "github"
      }
    },
    "toolchain-manifest": {
      "inputs": {
        "cargo-rdme": "cargo-rdme",
        "flake-utils": [
          "flake-utils"
        ],
        "nixpkgs": [
          "nixpkgs"
        ],
        "rust-overlay": "rust-overlay"
      },
      "locked": {
        "lastModified": 1689110459,
        "narHash": "sha256-D/vpD1ASLEnTn1mlZyInZjpjYYjcOvrd9cnlIhUeMmw=",
        "owner": "a-kenji",
        "repo": "rust-toolchain-manifest",
        "rev": "ae1d19cd5de230b14c4df365aaa6bf32f466ca40",
        "type": "github"
      },
      "original": {
        "owner": "a-kenji",
        "repo": "rust-toolchain-manifest",
        "type": "github"
      }
    }
  },
  "root": "root",
  "version": 7
}
